
Microsoft Visual Studio Solution File, Format Version 12.00
# Visual Studio 15
VisualStudioVersion = 15.0.26228.4
MinimumVisualStudioVersion = 10.0.40219.1
Project("{FAE04EC0-301F-11D3-BF4B-00C04F79EFBC}") = "Angular2TestBed.Api", "Angular2TestBed.Api\Angular2TestBed.Api.csproj", "{BC0E8533-CAFD-4028-943E-01013B6EBEBD}"
EndProject
Global
	GlobalSection(SolutionConfigurationPlatforms) = preSolution
		Debug|Any CPU = Debug|Any CPU
		Release|Any CPU = Release|Any CPU
	EndGlobalSection
	GlobalSection(ProjectConfigurationPlatforms) = postSolution
		{BC0E8533-CAFD-4028-943E-01013B6EBEBD}.Debug|Any CPU.ActiveCfg = Debug|Any CPU
		{BC0E8533-CAFD-4028-943E-01013B6EBEBD}.Debug|Any CPU.Build.0 = Debug|Any CPU
		{BC0E8533-CAFD-4028-943E-01013B6EBEBD}.Release|Any CPU.ActiveCfg = Release|Any CPU
		{BC0E8533-CAFD-4028-943E-01013B6EBEBD}.Release|Any CPU.Build.0 = Release|Any CPU
	EndGlobalSection
	GlobalSection(SolutionProperties) = preSolution
		HideSolutionNode = FALSE
	EndGlobalSection
EndGlobal
